
Microsoft Visual Studio Solution File, Format Version 12.00
# Visual Studio Version 16
VisualStudioVersion = 16.0.33801.447
MinimumVisualStudioVersion = 10.0.40219.1
Project("{FAE04EC0-301F-11D3-BF4B-00C04F79EFBC}") = "Lab5.2", "Lab5.2\Lab5.2.csproj", "{F56C0868-90C4-4D54-959F-AA9AB09A825B}"
EndProject
Global
	GlobalSection(SolutionConfigurationPlatforms) = preSolution
		Debug|Any CPU = Debug|Any CPU
		Release|Any CPU = Release|Any CPU
	EndGlobalSection
	GlobalSection(ProjectConfigurationPlatforms) = postSolution
		{F56C0868-90C4-4D54-959F-AA9AB09A825B}.Debug|Any CPU.ActiveCfg = Debug|Any CPU
		{F56C0868-90C4-4D54-959F-AA9AB09A825B}.Debug|Any CPU.Build.0 = Debug|Any CPU
		{F56C0868-90C4-4D54-959F-AA9AB09A825B}.Release|Any CPU.ActiveCfg = Release|Any CPU
		{F56C0868-90C4-4D54-959F-AA9AB09A825B}.Release|Any CPU.Build.0 = Release|Any CPU
	EndGlobalSection
	GlobalSection(SolutionProperties) = preSolution
		HideSolutionNode = FALSE
	EndGlobalSection
	GlobalSection(ExtensibilityGlobals) = postSolution
		SolutionGuid = {03F4C4E4-9871-4339-ADE6-63FA56A243D2}
	EndGlobalSection
EndGlobal
